
Microsoft Visual Studio Solution File, Format Version 12.00
# Visual Studio Version 16
VisualStudioVersion = 16.0.30611.23
MinimumVisualStudioVersion = 10.0.40219.1
Project("{FAE04EC0-301F-11D3-BF4B-00C04F79EFBC}") = "SnakeAndLadder", "SnakeAndLadder\SnakeAndLadder.csproj", "{D68CBC3D-B464-4943-9940-714C904C0FB3}"
EndProject
Global
	GlobalSection(SolutionConfigurationPlatforms) = preSolution
		Debug|Any CPU = Debug|Any CPU
		Release|Any CPU = Release|Any CPU
	EndGlobalSection
	GlobalSection(ProjectConfigurationPlatforms) = postSolution
		{D68CBC3D-B464-4943-9940-714C904C0FB3}.Debug|Any CPU.ActiveCfg = Debug|Any CPU
		{D68CBC3D-B464-4943-9940-714C904C0FB3}.Debug|Any CPU.Build.0 = Debug|Any CPU
		{D68CBC3D-B464-4943-9940-714C904C0FB3}.Release|Any CPU.ActiveCfg = Release|Any CPU
		{D68CBC3D-B464-4943-9940-714C904C0FB3}.Release|Any CPU.Build.0 = Release|Any CPU
	EndGlobalSection
	GlobalSection(SolutionProperties) = preSolution
		HideSolutionNode = FALSE
	EndGlobalSection
	GlobalSection(ExtensibilityGlobals) = postSolution
		SolutionGuid = {DD998689-10BE-4080-8009-57FEAA5FB7FA}
	EndGlobalSection
EndGlobal
